
Microsoft Visual Studio Solution File, Format Version 12.00
# Visual Studio Version 16
VisualStudioVersion = 16.0.29911.84
MinimumVisualStudioVersion = 10.0.40219.1
Project("{8BC9CEBB-8B4A-11D0-8D11-00A0C91BC942}") = "CovertCommsClient", "CovertCommsClient\CovertCommsClient.vcxproj", "{44879988-E33F-4E2F-99AD-B178E1C2F0A0}"
	ProjectSection(ProjectDependencies) = postProject
		{4118C0EE-C69E-47EC-991A-12011683D93C} = {4118C0EE-C69E-47EC-991A-12011683D93C}
	EndProjectSection
EndProject
Project("{8BC9CEBB-8B4A-11D0-8D11-00A0C91BC942}") = "CovertCommsServer", "CovertCommsServer\CovertCommsServer.vcxproj", "{876D1055-BA78-4DEA-A28D-4E0D46650F89}"
	ProjectSection(ProjectDependencies) = postProject
		{4118C0EE-C69E-47EC-991A-12011683D93C} = {4118C0EE-C69E-47EC-991A-12011683D93C}
	EndProjectSection
EndProject
Project("{8BC9CEBB-8B4A-11D0-8D11-00A0C91BC942}") = "RawCommsLib", "RawCommsLib\RawCommsLib.vcxproj", "{4118C0EE-C69E-47EC-991A-12011683D93C}"
EndProject
Global
	GlobalSection(SolutionConfigurationPlatforms) = preSolution
		Debug|x64 = Debug|x64
		Debug|x86 = Debug|x86
		Release|x64 = Release|x64
		Release|x86 = Release|x86
	EndGlobalSection
	GlobalSection(ProjectConfigurationPlatforms) = postSolution
		{44879988-E33F-4E2F-99AD-B178E1C2F0A0}.Debug|x64.ActiveCfg = Debug|x64
		{44879988-E33F-4E2F-99AD-B178E1C2F0A0}.Debug|x64.Build.0 = Debug|x64
		{44879988-E33F-4E2F-99AD-B178E1C2F0A0}.Debug|x86.ActiveCfg = Debug|Win32
		{44879988-E33F-4E2F-99AD-B178E1C2F0A0}.Debug|x86.Build.0 = Debug|Win32
		{44879988-E33F-4E2F-99AD-B178E1C2F0A0}.Release|x64.ActiveCfg = Release|x64
		{44879988-E33F-4E2F-99AD-B178E1C2F0A0}.Release|x64.Build.0 = Release|x64
		{44879988-E33F-4E2F-99AD-B178E1C2F0A0}.Release|x86.ActiveCfg = Release|Win32
		{44879988-E33F-4E2F-99AD-B178E1C2F0A0}.Release|x86.Build.0 = Release|Win32
		{876D1055-BA78-4DEA-A28D-4E0D46650F89}.Debug|x64.ActiveCfg = Debug|x64
		{876D1055-BA78-4DEA-A28D-4E0D46650F89}.Debug|x64.Build.0 = Debug|x64
		{876D1055-BA78-4DEA-A28D-4E0D46650F89}.Debug|x86.ActiveCfg = Debug|Win32
		{876D1055-BA78-4DEA-A28D-4E0D46650F89}.Debug|x86.Build.0 = Debug|Win32
		{876D1055-BA78-4DEA-A28D-4E0D46650F89}.Release|x64.ActiveCfg = Release|x64
		{876D1055-BA78-4DEA-A28D-4E0D46650F89}.Release|x64.Build.0 = Release|x64
		{876D1055-BA78-4DEA-A28D-4E0D46650F89}.Release|x86.ActiveCfg = Release|Win32
		{876D1055-BA78-4DEA-A28D-4E0D46650F89}.Release|x86.Build.0 = Release|Win32
		{4118C0EE-C69E-47EC-991A-12011683D93C}.Debug|x64.ActiveCfg = Debug|x64
		{4118C0EE-C69E-47EC-991A-12011683D93C}.Debug|x64.Build.0 = Debug|x64
		{4118C0EE-C69E-47EC-991A-12011683D93C}.Debug|x86.ActiveCfg = Debug|Win32
		{4118C0EE-C69E-47EC-991A-12011683D93C}.Debug|x86.Build.0 = Debug|Win32
		{4118C0EE-C69E-47EC-991A-12011683D93C}.Release|x64.ActiveCfg = Release|x64
		{4118C0EE-C69E-47EC-991A-12011683D93C}.Release|x64.Build.0 = Release|x64
		{4118C0EE-C69E-47EC-991A-12011683D93C}.Release|x86.ActiveCfg = Release|Win32
		{4118C0EE-C69E-47EC-991A-12011683D93C}.Release|x86.Build.0 = Release|Win32
	EndGlobalSection
	GlobalSection(SolutionProperties) = preSolution
		HideSolutionNode = FALSE
	EndGlobalSection
	GlobalSection(ExtensibilityGlobals) = postSolution
		SolutionGuid = {84E93A54-6EE3-44A5-B4AD-E60340CD1D32}
	EndGlobalSection
EndGlobal
