
Microsoft Visual Studio Solution File, Format Version 12.00
# Visual Studio Version 16
VisualStudioVersion = 16.0.29911.84
MinimumVisualStudioVersion = 10.0.40219.1
Project("{8BC9CEB8-8B4A-11D0-8D11-00A0C91BC942}") = "BeaconingStation", "BeaconingStation\BeaconingStation.vcxproj", "{0562DF2D-A097-4892-BEC5-78C0129F0201}"
EndProject
Global
	GlobalSection(SolutionConfigurationPlatforms) = preSolution
		Debug|x64 = Debug|x64
		Debug|x86 = Debug|x86
		Release|x64 = Release|x64
		Release|x86 = Release|x86
	EndGlobalSection
	GlobalSection(ProjectConfigurationPlatforms) = postSolution
		{0562DF2D-A097-4892-BEC5-78C0129F0201}.Debug|x64.ActiveCfg = Debug|x64
		{0562DF2D-A097-4892-BEC5-78C0129F0201}.Debug|x64.Build.0 = Debug|x64
		{0562DF2D-A097-4892-BEC5-78C0129F0201}.Debug|x86.ActiveCfg = Debug|Win32
		{0562DF2D-A097-4892-BEC5-78C0129F0201}.Debug|x86.Build.0 = Debug|Win32
		{0562DF2D-A097-4892-BEC5-78C0129F0201}.Release|x64.ActiveCfg = Release|x64
		{0562DF2D-A097-4892-BEC5-78C0129F0201}.Release|x64.Build.0 = Release|x64
		{0562DF2D-A097-4892-BEC5-78C0129F0201}.Release|x86.ActiveCfg = Release|Win32
		{0562DF2D-A097-4892-BEC5-78C0129F0201}.Release|x86.Build.0 = Release|Win32
	EndGlobalSection
	GlobalSection(SolutionProperties) = preSolution
		HideSolutionNode = FALSE
	EndGlobalSection
	GlobalSection(ExtensibilityGlobals) = postSolution
		SolutionGuid = {89C06E8F-253E-4850-A757-A96F4F3CB5D2}
	EndGlobalSection
EndGlobal
